<?xml version="1.0" encoding="utf-8"?>
<Project ToolsVersion="4.0" xmlns="http://schemas.microsoft.com/developer/msbuild/2003">
  <ItemGroup>
    <Filter Include="ソース ファイル">
      <UniqueIdentifier>{4FC737F1-C7A5-4376-A066-2A32D752A2FF}</UniqueIdentifier>
      <Extensions>cpp;c;cc;cxx;c++;cppm;ixx;def;odl;idl;hpj;bat;asm;asmx</Extensions>
    </Filter>
    <Filter Include="ヘッダー ファイル">
      <UniqueIdentifier>{93995380-89BD-4b04-88EB-625FBE52EBFB}</UniqueIdentifier>
      <Extensions>h;hh;hpp;hxx;h++;hm;inl;inc;ipp;xsd</Extensions>
    </Filter>
    <Filter Include="ソース ファイル\Calib">
      <UniqueIdentifier>{5ea8e476-d892-46d8-9539-7661048a76e0}</UniqueIdentifier>
    </Filter>
    <Filter Include="ヘッダー ファイル\Calib">
      <UniqueIdentifier>{17c35d22-0886-4a13-bf76-52ebb759bf02}</UniqueIdentifier>
    </Filter>
  </ItemGroup>
  <ItemGroup>
    <ClInclude Include="CPX.h">
      <Filter>ヘッダー ファイル</Filter>
    </ClInclude>
    <ClInclude Include="ErrMsg.h">
      <Filter>ヘッダー ファイル</Filter>
    </ClInclude>
    <ClInclude Include="UsrMsg.h">
      <Filter>ヘッダー ファイル</Filter>
    </ClInclude>
    <ClInclude Include="AppMain.h">
      <Filter>ヘッダー ファイル</Filter>
    </ClInclude>
    <ClInclude Include="Grp01.h">
      <Filter>ヘッダー ファイル</Filter>
    </ClInclude>
    <ClInclude Include="Grp02.h">
      <Filter>ヘッダー ファイル</Filter>
    </ClInclude>
    <ClInclude Include="VecCnt.h">
      <Filter>ヘッダー ファイル</Filter>
    </ClInclude>
    <ClInclude Include="common.h">
      <Filter>ヘッダー ファイル</Filter>
    </ClInclude>
    <ClInclude Include="Error_Defin.h">
      <Filter>ヘッダー ファイル</Filter>
    </ClInclude>
    <ClInclude Include="SharedMemory.h">
      <Filter>ヘッダー ファイル</Filter>
    </ClInclude>
    <ClInclude Include="HwCtrl.h">
      <Filter>ヘッダー ファイル</Filter>
    </ClInclude>
    <ClInclude Include="Grp03.h">
      <Filter>ヘッダー ファイル</Filter>
    </ClInclude>
    <ClInclude Include="CalibComm.h">
      <Filter>ヘッダー ファイル\Calib</Filter>
    </ClInclude>
    <ClInclude Include="CalibDataBuff.h">
      <Filter>ヘッダー ファイル\Calib</Filter>
    </ClInclude>
    <ClInclude Include="CalibInspectMultiNestExt.h">
      <Filter>ヘッダー ファイル\Calib</Filter>
    </ClInclude>
    <ClInclude Include="CalibInspectMultiNestStd.h">
      <Filter>ヘッダー ファイル\Calib</Filter>
    </ClInclude>
    <ClInclude Include="CalibInspectMultiPlateExt.h">
      <Filter>ヘッダー ファイル\Calib</Filter>
    </ClInclude>
    <ClInclude Include="CalibInspectMultiPlateStd.h">
      <Filter>ヘッダー ファイル\Calib</Filter>
    </ClInclude>
    <ClInclude Include="CalibProbeBallExt.h">
      <Filter>ヘッダー ファイル\Calib</Filter>
    </ClInclude>
    <ClInclude Include="CalibProbeBallStd.h">
      <Filter>ヘッダー ファイル\Calib</Filter>
    </ClInclude>
    <ClInclude Include="CalibSetting.h">
      <Filter>ヘッダー ファイル\Calib</Filter>
    </ClInclude>
    <ClInclude Include="CalibUserMulti.h">
      <Filter>ヘッダー ファイル\Calib</Filter>
    </ClInclude>
    <ClInclude Include="UsrMsgBox.h">
      <Filter>ヘッダー ファイル</Filter>
    </ClInclude>
    <ClInclude Include="resource.h">
      <Filter>ヘッダー ファイル</Filter>
    </ClInclude>
    <ClInclude Include="ProgBar.h">
      <Filter>ヘッダー ファイル</Filter>
    </ClInclude>
    <ClInclude Include="CalibScannerMakeMatrix.h">
      <Filter>ヘッダー ファイル\Calib</Filter>
    </ClInclude>
    <ClInclude Include="CalibScannerFull.h">
      <Filter>ヘッダー ファイル\Calib</Filter>
    </ClInclude>
  </ItemGroup>
  <ItemGroup>
    <ClCompile Include="dllmain.cpp">
      <Filter>ソース ファイル</Filter>
    </ClCompile>
    <ClCompile Include="ErrMsg.cpp">
      <Filter>ソース ファイル</Filter>
    </ClCompile>
    <ClCompile Include="CPX_ErrMsg.cpp">
      <Filter>ソース ファイル</Filter>
    </ClCompile>
    <ClCompile Include="UsrMsg.cpp">
      <Filter>ソース ファイル</Filter>
    </ClCompile>
    <ClCompile Include="CPX_UsrMsg.cpp">
      <Filter>ソース ファイル</Filter>
    </ClCompile>
    <ClCompile Include="AppMain.cpp">
      <Filter>ソース ファイル</Filter>
    </ClCompile>
    <ClCompile Include="Grp01.cpp">
      <Filter>ソース ファイル</Filter>
    </ClCompile>
    <ClCompile Include="Grp02.cpp">
      <Filter>ソース ファイル</Filter>
    </ClCompile>
    <ClCompile Include="CPX_AppMain.cpp">
      <Filter>ソース ファイル</Filter>
    </ClCompile>
    <ClCompile Include="CPX_Grp01.cpp">
      <Filter>ソース ファイル</Filter>
    </ClCompile>
    <ClCompile Include="CPX_Grp02.cpp">
      <Filter>ソース ファイル</Filter>
    </ClCompile>
    <ClCompile Include="VecCnt.cpp">
      <Filter>ソース ファイル</Filter>
    </ClCompile>
    <ClCompile Include="Error_Defin.cpp">
      <Filter>ソース ファイル</Filter>
    </ClCompile>
    <ClCompile Include="HwCtrl.cpp">
      <Filter>ソース ファイル</Filter>
    </ClCompile>
    <ClCompile Include="CPX_Grp03.cpp">
      <Filter>ソース ファイル</Filter>
    </ClCompile>
    <ClCompile Include="Grp03.cpp">
      <Filter>ソース ファイル</Filter>
    </ClCompile>
    <ClCompile Include="CalibComm.cpp">
      <Filter>ソース ファイル\Calib</Filter>
    </ClCompile>
    <ClCompile Include="CalibDataBuff.cpp">
      <Filter>ソース ファイル\Calib</Filter>
    </ClCompile>
    <ClCompile Include="CalibInspectMultiNestExt.cpp">
      <Filter>ソース ファイル\Calib</Filter>
    </ClCompile>
    <ClCompile Include="CalibInspectMultiNestStd.cpp">
      <Filter>ソース ファイル\Calib</Filter>
    </ClCompile>
    <ClCompile Include="CalibInspectMultiPlateExt.cpp">
      <Filter>ソース ファイル\Calib</Filter>
    </ClCompile>
    <ClCompile Include="CalibInspectMultiPlateStd.cpp">
      <Filter>ソース ファイル\Calib</Filter>
    </ClCompile>
    <ClCompile Include="CalibProbeBallExt.cpp">
      <Filter>ソース ファイル\Calib</Filter>
    </ClCompile>
    <ClCompile Include="CalibProbeBallStd.cpp">
      <Filter>ソース ファイル\Calib</Filter>
    </ClCompile>
    <ClCompile Include="CalibSetting.cpp">
      <Filter>ソース ファイル\Calib</Filter>
    </ClCompile>
    <ClCompile Include="CalibUserMulti.cpp">
      <Filter>ソース ファイル\Calib</Filter>
    </ClCompile>
    <ClCompile Include="CPX_UsrMsgBox.cpp">
      <Filter>ソース ファイル</Filter>
    </ClCompile>
    <ClCompile Include="UsrMsgBox.cpp">
      <Filter>ソース ファイル</Filter>
    </ClCompile>
    <ClCompile Include="CPX_ProgBar.cpp">
      <Filter>ソース ファイル</Filter>
    </ClCompile>
    <ClCompile Include="ProgBar.cpp">
      <Filter>ソース ファイル</Filter>
    </ClCompile>
    <ClCompile Include="CalibScannerMakeMatrix.cpp">
      <Filter>ソース ファイル\Calib</Filter>
    </ClCompile>
    <ClCompile Include="CalibScannerFull.cpp">
      <Filter>ソース ファイル\Calib</Filter>
    </ClCompile>
  </ItemGroup>
</Project>