<?xml version="1.0" encoding="utf-8"?>
<Project ToolsVersion="4.0" xmlns="http://schemas.microsoft.com/developer/msbuild/2003">
  <ItemGroup>
    <Filter Include="Source Files">
      <UniqueIdentifier>{c4d23a55-15b3-49ec-8c32-2c4bf87bf392}</UniqueIdentifier>
      <Extensions>cpp;c;cxx;rc;def;r;odl;idl;hpj;bat</Extensions>
    </Filter>
    <Filter Include="Header Files">
      <UniqueIdentifier>{0e830444-ebef-4b75-9e52-6d0cf835593d}</UniqueIdentifier>
      <Extensions>h;hpp;hxx;hm;inl</Extensions>
    </Filter>
    <Filter Include="Resource Files">
      <UniqueIdentifier>{e0a0fe09-aa23-447b-8538-1ab18bfaa8a3}</UniqueIdentifier>
      <Extensions>ico;cur;bmp;dlg;rc2;rct;bin;rgs;gif;jpg;jpeg;jpe</Extensions>
    </Filter>
  </ItemGroup>
  <ItemGroup>
    <ClCompile Include="LplQue.cpp">
      <Filter>Source Files</Filter>
    </ClCompile>
    <ClCompile Include="QueMain.cpp">
      <Filter>Source Files</Filter>
    </ClCompile>
    <ClCompile Include="QueProc.cpp">
      <Filter>Source Files</Filter>
    </ClCompile>
    <ClCompile Include="QueTask.cpp">
      <Filter>Source Files</Filter>
    </ClCompile>
    <ClCompile Include="StdAfx.cpp">
      <Filter>Source Files</Filter>
    </ClCompile>
  </ItemGroup>
  <ItemGroup>
    <ResourceCompile Include="LplQue.rc">
      <Filter>Source Files</Filter>
    </ResourceCompile>
  </ItemGroup>
  <ItemGroup>
    <ClInclude Include="QueMain.h">
      <Filter>Header Files</Filter>
    </ClInclude>
    <ClInclude Include="QueProc.h">
      <Filter>Header Files</Filter>
    </ClInclude>
    <ClInclude Include="QueTask.h">
      <Filter>Header Files</Filter>
    </ClInclude>
    <ClInclude Include="Resource.h">
      <Filter>Header Files</Filter>
    </ClInclude>
    <ClInclude Include="StdAfx.h">
      <Filter>Header Files</Filter>
    </ClInclude>
    <ClInclude Include="LplQue_inner.h">
      <Filter>Header Files</Filter>
    </ClInclude>
    <ClInclude Include="..\Include\LplQue.h">
      <Filter>Header Files</Filter>
    </ClInclude>
  </ItemGroup>
  <ItemGroup>
    <CustomBuild Include="LplQue.def">
      <Filter>Source Files</Filter>
    </CustomBuild>
    <CustomBuild Include="res\LplQue.rc2">
      <Filter>Resource Files</Filter>
    </CustomBuild>
  </ItemGroup>
</Project>